{
  "name": "pega-icons",
  "version": "1.0.0",
  "lockfileVersion": 3,
  "requires": true,
  "packages": {
    "": {
      "name": "pega-icons",
      "version": "1.0.0",
      "devDependencies": {
        "prettier": "3.3.3",
        "prettier-plugin-package": "1.4.0"
      }
    },
    "node_modules/prettier": {
      "version": "3.3.3",
      "resolved": "https://registry.npmjs.org/prettier/-/prettier-3.3.3.tgz",
      "integrity": "sha512-i2tDNA0O5IrMO757lfrdQZCc2jPNDVntV0m/+4whiDfWaTKfMNgR7Qz0NAeGz/nRqF4m5/6CLzbP4/liHt12Ew==",
      "dev": true,
      "bin": {
        "prettier": "bin/prettier.cjs"
      },
      "engines": {
        "node": ">=14"
      },
      "funding": {
        "url": "https://github.com/prettier/prettier?sponsor=1"
      }
    },
    "node_modules/prettier-plugin-package": {
      "version": "1.4.0",
      "resolved": "https://registry.npmjs.org/prettier-plugin-package/-/prettier-plugin-package-1.4.0.tgz",
      "integrity": "sha512-jy8UjgHadyznzWfunyjPQPqE2Y92TVF3Q0O829X6pk/ARoKn0vtSu+mtKIsmikZYb2N50mV6vRIqCf19XdOdIg==",
      "dev": true,
      "engines": {
        "node": ">=10.13.0"
      },
      "peerDependencies": {
        "prettier": "^2.0.0 || ^3.0.0"
      }
    }
  }
}
